
Microsoft Visual Studio Solution File, Format Version 12.00
# Visual Studio 15
VisualStudioVersion = 15.0.28307.539
MinimumVisualStudioVersion = 10.0.40219.1
Project("{FAE04EC0-301F-11D3-BF4B-00C04F79EFBC}") = "Exercicio_1", "Exercicio_1\Exercicio_1.csproj", "{2EED5F1E-3467-445A-996D-7AA17A6A44FA}"
EndProject
Global
	GlobalSection(SolutionConfigurationPlatforms) = preSolution
		Debug|Any CPU = Debug|Any CPU
		Release|Any CPU = Release|Any CPU
	EndGlobalSection
	GlobalSection(ProjectConfigurationPlatforms) = postSolution
		{2EED5F1E-3467-445A-996D-7AA17A6A44FA}.Debug|Any CPU.ActiveCfg = Debug|Any CPU
		{2EED5F1E-3467-445A-996D-7AA17A6A44FA}.Debug|Any CPU.Build.0 = Debug|Any CPU
		{2EED5F1E-3467-445A-996D-7AA17A6A44FA}.Release|Any CPU.ActiveCfg = Release|Any CPU
		{2EED5F1E-3467-445A-996D-7AA17A6A44FA}.Release|Any CPU.Build.0 = Release|Any CPU
	EndGlobalSection
	GlobalSection(SolutionProperties) = preSolution
		HideSolutionNode = FALSE
	EndGlobalSection
	GlobalSection(ExtensibilityGlobals) = postSolution
		SolutionGuid = {8577B790-42C6-4779-9475-71387C7D9398}
	EndGlobalSection
EndGlobal
