
Microsoft Visual Studio Solution File, Format Version 12.00
# Visual Studio 15
VisualStudioVersion = 15.0.28307.539
MinimumVisualStudioVersion = 10.0.40219.1
Project("{FAE04EC0-301F-11D3-BF4B-00C04F79EFBC}") = "POO_LAB_04", "POO_LAB_04\POO_LAB_04.csproj", "{8051879B-3BE8-4BE5-BB77-ABB3087074F9}"
EndProject
Global
	GlobalSection(SolutionConfigurationPlatforms) = preSolution
		Debug|Any CPU = Debug|Any CPU
		Release|Any CPU = Release|Any CPU
	EndGlobalSection
	GlobalSection(ProjectConfigurationPlatforms) = postSolution
		{8051879B-3BE8-4BE5-BB77-ABB3087074F9}.Debug|Any CPU.ActiveCfg = Debug|Any CPU
		{8051879B-3BE8-4BE5-BB77-ABB3087074F9}.Debug|Any CPU.Build.0 = Debug|Any CPU
		{8051879B-3BE8-4BE5-BB77-ABB3087074F9}.Release|Any CPU.ActiveCfg = Release|Any CPU
		{8051879B-3BE8-4BE5-BB77-ABB3087074F9}.Release|Any CPU.Build.0 = Release|Any CPU
	EndGlobalSection
	GlobalSection(SolutionProperties) = preSolution
		HideSolutionNode = FALSE
	EndGlobalSection
	GlobalSection(ExtensibilityGlobals) = postSolution
		SolutionGuid = {18E97F47-388C-4ED1-8BFB-094FC44175E6}
	EndGlobalSection
EndGlobal
