
Microsoft Visual Studio Solution File, Format Version 12.00
# Visual Studio 15
VisualStudioVersion = 15.0.28307.539
MinimumVisualStudioVersion = 10.0.40219.1
Project("{FAE04EC0-301F-11D3-BF4B-00C04F79EFBC}") = "POO_Lab_01", "POO_Lab_01\POO_Lab_01.csproj", "{AF23CAF6-A105-4BC4-BEAD-3B450953B7D5}"
EndProject
Global
	GlobalSection(SolutionConfigurationPlatforms) = preSolution
		Debug|Any CPU = Debug|Any CPU
		Release|Any CPU = Release|Any CPU
	EndGlobalSection
	GlobalSection(ProjectConfigurationPlatforms) = postSolution
		{AF23CAF6-A105-4BC4-BEAD-3B450953B7D5}.Debug|Any CPU.ActiveCfg = Debug|Any CPU
		{AF23CAF6-A105-4BC4-BEAD-3B450953B7D5}.Debug|Any CPU.Build.0 = Debug|Any CPU
		{AF23CAF6-A105-4BC4-BEAD-3B450953B7D5}.Release|Any CPU.ActiveCfg = Release|Any CPU
		{AF23CAF6-A105-4BC4-BEAD-3B450953B7D5}.Release|Any CPU.Build.0 = Release|Any CPU
	EndGlobalSection
	GlobalSection(SolutionProperties) = preSolution
		HideSolutionNode = FALSE
	EndGlobalSection
	GlobalSection(ExtensibilityGlobals) = postSolution
		SolutionGuid = {84F2E5B6-E3E0-4583-8A89-EE3F7294AC23}
	EndGlobalSection
EndGlobal
